
Microsoft Visual Studio Solution File, Format Version 11.00
# Visual Studio 2010
Project("{FAE04EC0-301F-11D3-BF4B-00C04F79EFBC}") = "UsbVidPid", "UsbVidPid\UsbVidPid.csproj", "{FB6C7B6B-46C0-4D6A-B6E8-CBEC390C402E}"
EndProject
Global
	GlobalSection(SolutionConfigurationPlatforms) = preSolution
		Debug|x64 = Debug|x64
		Debug|x86 = Debug|x86
		Release|x64 = Release|x64
		Release|x86 = Release|x86
	EndGlobalSection
	GlobalSection(ProjectConfigurationPlatforms) = postSolution
		{FB6C7B6B-46C0-4D6A-B6E8-CBEC390C402E}.Debug|x64.ActiveCfg = Debug|x64
		{FB6C7B6B-46C0-4D6A-B6E8-CBEC390C402E}.Debug|x64.Build.0 = Debug|x64
		{FB6C7B6B-46C0-4D6A-B6E8-CBEC390C402E}.Debug|x86.ActiveCfg = Debug|x86
		{FB6C7B6B-46C0-4D6A-B6E8-CBEC390C402E}.Debug|x86.Build.0 = Debug|x86
		{FB6C7B6B-46C0-4D6A-B6E8-CBEC390C402E}.Release|x64.ActiveCfg = Release|x64
		{FB6C7B6B-46C0-4D6A-B6E8-CBEC390C402E}.Release|x64.Build.0 = Release|x64
		{FB6C7B6B-46C0-4D6A-B6E8-CBEC390C402E}.Release|x86.ActiveCfg = Release|x86
		{FB6C7B6B-46C0-4D6A-B6E8-CBEC390C402E}.Release|x86.Build.0 = Release|x86
	EndGlobalSection
	GlobalSection(SolutionProperties) = preSolution
		HideSolutionNode = FALSE
	EndGlobalSection
EndGlobal
